
Microsoft Visual Studio Solution File, Format Version 12.00
# Visual Studio Version 17
VisualStudioVersion = 17.4.33110.190
MinimumVisualStudioVersion = 10.0.40219.1
Project("{FAE04EC0-301F-11D3-BF4B-00C04F79EFBC}") = "CRUD Estudante", "CRUD Estudante\CRUD Estudante.csproj", "{53E824E7-5391-4FB4-826F-9359B2A0FAF0}"
EndProject
Global
	GlobalSection(SolutionConfigurationPlatforms) = preSolution
		Debug|Any CPU = Debug|Any CPU
		Release|Any CPU = Release|Any CPU
	EndGlobalSection
	GlobalSection(ProjectConfigurationPlatforms) = postSolution
		{53E824E7-5391-4FB4-826F-9359B2A0FAF0}.Debug|Any CPU.ActiveCfg = Debug|Any CPU
		{53E824E7-5391-4FB4-826F-9359B2A0FAF0}.Debug|Any CPU.Build.0 = Debug|Any CPU
		{53E824E7-5391-4FB4-826F-9359B2A0FAF0}.Release|Any CPU.ActiveCfg = Release|Any CPU
		{53E824E7-5391-4FB4-826F-9359B2A0FAF0}.Release|Any CPU.Build.0 = Release|Any CPU
	EndGlobalSection
	GlobalSection(SolutionProperties) = preSolution
		HideSolutionNode = FALSE
	EndGlobalSection
	GlobalSection(ExtensibilityGlobals) = postSolution
		SolutionGuid = {56B19703-518E-40B9-BA1C-DA47B4A55C05}
	EndGlobalSection
EndGlobal
